
Microsoft Visual Studio Solution File, Format Version 12.00
# Visual Studio Version 16
VisualStudioVersion = 16.0.29503.13
MinimumVisualStudioVersion = 10.0.40219.1
Project("{FAE04EC0-301F-11D3-BF4B-00C04F79EFBC}") = "2 praktinis", "2 praktinis\2 praktinis.csproj", "{06FFD615-6385-46C6-8B85-0713EAD0391A}"
EndProject
Global
	GlobalSection(SolutionConfigurationPlatforms) = preSolution
		Debug|Any CPU = Debug|Any CPU
		Release|Any CPU = Release|Any CPU
	EndGlobalSection
	GlobalSection(ProjectConfigurationPlatforms) = postSolution
		{06FFD615-6385-46C6-8B85-0713EAD0391A}.Debug|Any CPU.ActiveCfg = Debug|Any CPU
		{06FFD615-6385-46C6-8B85-0713EAD0391A}.Debug|Any CPU.Build.0 = Debug|Any CPU
		{06FFD615-6385-46C6-8B85-0713EAD0391A}.Release|Any CPU.ActiveCfg = Release|Any CPU
		{06FFD615-6385-46C6-8B85-0713EAD0391A}.Release|Any CPU.Build.0 = Release|Any CPU
	EndGlobalSection
	GlobalSection(SolutionProperties) = preSolution
		HideSolutionNode = FALSE
	EndGlobalSection
	GlobalSection(ExtensibilityGlobals) = postSolution
		SolutionGuid = {F77EB7C8-831B-483A-98ED-ED637E5DE66B}
	EndGlobalSection
EndGlobal
